// !$*UTF8*$!
{
	archiveVersion = 1;
	classes = {
	};
	objectVersion = 46;
	objects = {

/* Begin PBXBuildFile section */
		72C7FFC71ADE440D0084EEB4 /* RegistationViewController.m in Sources */ = {isa = PBXBuildFile; fileRef = 72C7FFC61ADE440D0084EEB4 /* RegistationViewController.m */; };
		72C7FFCA1ADE441F0084EEB4 /* LoginViewController.m in Sources */ = {isa = PBXBuildFile; fileRef = 72C7FFC91ADE441F0084EEB4 /* LoginViewController.m */; };
		A923A9DA1A372AF9009121A3 /* main.m in Sources */ = {isa = PBXBuildFile; fileRef = A923A9D91A372AF9009121A3 /* main.m */; };
		A923A9DD1A372AF9009121A3 /* AppDelegate.m in Sources */ = {isa = PBXBuildFile; fileRef = A923A9DC1A372AF9009121A3 /* AppDelegate.m */; };
		A923A9E01A372AF9009121A3 /* ViewController.m in Sources */ = {isa = PBXBuildFile; fileRef = A923A9DF1A372AF9009121A3 /* ViewController.m */; };
		A923A9E31A372AF9009121A3 /* Main.storyboard in Resources */ = {isa = PBXBuildFile; fileRef = A923A9E11A372AF9009121A3 /* Main.storyboard */; };
		A923A9E51A372AF9009121A3 /* Images.xcassets in Resources */ = {isa = PBXBuildFile; fileRef = A923A9E41A372AF9009121A3 /* Images.xcassets */; };
		A923A9E81A372AF9009121A3 /* LaunchScreen.xib in Resources */ = {isa = PBXBuildFile; fileRef = A923A9E61A372AF9009121A3 /* LaunchScreen.xib */; };
		A923A9F41A372AF9009121A3 /* ExtensionUseTests.m in Sources */ = {isa = PBXBuildFile; fileRef = A923A9F31A372AF9009121A3 /* ExtensionUseTests.m */; };
		A92809D41A37FF4C001F9F00 /* lion.jpg in Resources */ = {isa = PBXBuildFile; fileRef = A92809D31A37FF4C001F9F00 /* lion.jpg */; };
/* End PBXBuildFile section */

/* Begin PBXContainerItemProxy section */
		A923A9EE1A372AF9009121A3 /* PBXContainerItemProxy */ = {
			isa = PBXContainerItemProxy;
			containerPortal = A923A9CC1A372AF9009121A3 /* Project object */;
			proxyType = 1;
			remoteGlobalIDString = A923A9D31A372AF9009121A3;
			remoteInfo = ExtensionUse;
		};
/* End PBXContainerItemProxy section */

/* Begin PBXFileReference section */
		72C7FFC51ADE440D0084EEB4 /* RegistationViewController.h */ = {isa = PBXFileReference; fileEncoding = 4; lastKnownFileType = sourcecode.c.h; path = RegistationViewController.h; sourceTree = "<group>"; };
		72C7FFC61ADE440D0084EEB4 /* RegistationViewController.m */ = {isa = PBXFileReference; fileEncoding = 4; lastKnownFileType = sourcecode.c.objc; path = RegistationViewController.m; sourceTree = "<group>"; };
		72C7FFC81ADE441F0084EEB4 /* LoginViewController.h */ = {isa = PBXFileReference; fileEncoding = 4; lastKnownFileType = sourcecode.c.h; path = LoginViewController.h; sourceTree = "<group>"; };
		72C7FFC91ADE441F0084EEB4 /* LoginViewController.m */ = {isa = PBXFileReference; fileEncoding = 4; lastKnownFileType = sourcecode.c.objc; path = LoginViewController.m; sourceTree = "<group>"; };
		A923A9D41A372AF9009121A3 /* ExtensionUse.app */ = {isa = PBXFileReference; explicitFileType = wrapper.application; includeInIndex = 0; path = ExtensionUse.app; sourceTree = BUILT_PRODUCTS_DIR; };
		A923A9D81A372AF9009121A3 /* Info.plist */ = {isa = PBXFileReference; lastKnownFileType = text.plist.xml; path = Info.plist; sourceTree = "<group>"; };
		A923A9D91A372AF9009121A3 /* main.m */ = {isa = PBXFileReference; lastKnownFileType = sourcecode.c.objc; path = main.m; sourceTree = "<group>"; };
		A923A9DB1A372AF9009121A3 /* AppDelegate.h */ = {isa = PBXFileReference; lastKnownFileType = sourcecode.c.h; path = AppDelegate.h; sourceTree = "<group>"; };
		A923A9DC1A372AF9009121A3 /* AppDelegate.m */ = {isa = PBXFileReference; lastKnownFileType = sourcecode.c.objc; path = AppDelegate.m; sourceTree = "<group>"; };
		A923A9DE1A372AF9009121A3 /* ViewController.h */ = {isa = PBXFileReference; lastKnownFileType = sourcecode.c.h; path = ViewController.h; sourceTree = "<group>"; };
		A923A9DF1A372AF9009121A3 /* ViewController.m */ = {isa = PBXFileReference; lastKnownFileType = sourcecode.c.objc; path = ViewController.m; sourceTree = "<group>"; };
		A923A9E21A372AF9009121A3 /* Base */ = {isa = PBXFileReference; lastKnownFileType = file.storyboard; name = Base; path = Base.lproj/Main.storyboard; sourceTree = "<group>"; };
		A923A9E41A372AF9009121A3 /* Images.xcassets */ = {isa = PBXFileReference; lastKnownFileType = folder.assetcatalog; path = Images.xcassets; sourceTree = "<group>"; };
		A923A9E71A372AF9009121A3 /* Base */ = {isa = PBXFileReference; lastKnownFileType = file.xib; name = Base; path = Base.lproj/LaunchScreen.xib; sourceTree = "<group>"; };
		A923A9ED1A372AF9009121A3 /* ExtensionUseTests.xctest */ = {isa = PBXFileReference; explicitFileType = wrapper.cfbundle; includeInIndex = 0; path = ExtensionUseTests.xctest; sourceTree = BUILT_PRODUCTS_DIR; };
		A923A9F21A372AF9009121A3 /* Info.plist */ = {isa = PBXFileReference; lastKnownFileType = text.plist.xml; path = Info.plist; sourceTree = "<group>"; };
		A923A9F31A372AF9009121A3 /* ExtensionUseTests.m */ = {isa = PBXFileReference; lastKnownFileType = sourcecode.c.objc; path = ExtensionUseTests.m; sourceTree = "<group>"; };
		A92809D31A37FF4C001F9F00 /* lion.jpg */ = {isa = PBXFileReference; lastKnownFileType = image.jpeg; path = lion.jpg; sourceTree = "<group>"; };
/* End PBXFileReference section */

/* Begin PBXFrameworksBuildPhase section */
		A923A9D11A372AF9009121A3 /* Frameworks */ = {
			isa = PBXFrameworksBuildPhase;
			buildActionMask = 2147483647;
			files = (
			);
			runOnlyForDeploymentPostprocessing = 0;
		};
		A923A9EA1A372AF9009121A3 /* Frameworks */ = {
			isa = PBXFrameworksBuildPhase;
			buildActionMask = 2147483647;
			files = (
			);
			runOnlyForDeploymentPostprocessing = 0;
		};
/* End PBXFrameworksBuildPhase section */

/* Begin PBXGroup section */
		A923A9CB1A372AF9009121A3 = {
			isa = PBXGroup;
			children = (
				A923A9D61A372AF9009121A3 /* ExtensionUse */,
				A923A9F01A372AF9009121A3 /* ExtensionUseTests */,
				A923A9D51A372AF9009121A3 /* Products */,
			);
			sourceTree = "<group>";
		};
		A923A9D51A372AF9009121A3 /* Products */ = {
			isa = PBXGroup;
			children = (
				A923A9D41A372AF9009121A3 /* ExtensionUse.app */,
				A923A9ED1A372AF9009121A3 /* ExtensionUseTests.xctest */,
			);
			name = Products;
			sourceTree = "<group>";
		};
		A923A9D61A372AF9009121A3 /* ExtensionUse */ = {
			isa = PBXGroup;
			children = (
				A92809D31A37FF4C001F9F00 /* lion.jpg */,
				A923A9DB1A372AF9009121A3 /* AppDelegate.h */,
				A923A9DC1A372AF9009121A3 /* AppDelegate.m */,
				A923A9DE1A372AF9009121A3 /* ViewController.h */,
				A923A9DF1A372AF9009121A3 /* ViewController.m */,
				72C7FFC51ADE440D0084EEB4 /* RegistationViewController.h */,
				72C7FFC61ADE440D0084EEB4 /* RegistationViewController.m */,
				72C7FFC81ADE441F0084EEB4 /* LoginViewController.h */,
				72C7FFC91ADE441F0084EEB4 /* LoginViewController.m */,
				A923A9E11A372AF9009121A3 /* Main.storyboard */,
				A923A9E41A372AF9009121A3 /* Images.xcassets */,
				A923A9E61A372AF9009121A3 /* LaunchScreen.xib */,
				A923A9D71A372AF9009121A3 /* Supporting Files */,
			);
			path = ExtensionUse;
			sourceTree = "<group>";
		};
		A923A9D71A372AF9009121A3 /* Supporting Files */ = {
			isa = PBXGroup;
			children = (
				A923A9D81A372AF9009121A3 /* Info.plist */,
				A923A9D91A372AF9009121A3 /* main.m */,
			);
			name = "Supporting Files";
			sourceTree = "<group>";
		};
		A923A9F01A372AF9009121A3 /* ExtensionUseTests */ = {
			isa = PBXGroup;
			children = (
				A923A9F31A372AF9009121A3 /* ExtensionUseTests.m */,
				A923A9F11A372AF9009121A3 /* Supporting Files */,
			);
			path = ExtensionUseTests;
			sourceTree = "<group>";
		};
		A923A9F11A372AF9009121A3 /* Supporting Files */ = {
			isa = PBXGroup;
			children = (
				A923A9F21A372AF9009121A3 /* Info.plist */,
			);
			name = "Supporting Files";
			sourceTree = "<group>";
		};
/* End PBXGroup section */

/* Begin PBXNativeTarget section */
		A923A9D31A372AF9009121A3 /* ExtensionUse */ = {
			isa = PBXNativeTarget;
			buildConfigurationList = A923A9F71A372AF9009121A3 /* Build configuration list for PBXNativeTarget "ExtensionUse" */;
			buildPhases = (
				A923A9D01A372AF9009121A3 /* Sources */,
				A923A9D11A372AF9009121A3 /* Frameworks */,
				A923A9D21A372AF9009121A3 /* Resources */,
			);
			buildRules = (
			);
			dependencies = (
			);
			name = ExtensionUse;
			productName = ExtensionUse;
			productReference = A923A9D41A372AF9009121A3 /* ExtensionUse.app */;
			productType = "com.apple.product-type.application";
		};
		A923A9EC1A372AF9009121A3 /* ExtensionUseTests */ = {
			isa = PBXNativeTarget;
			buildConfigurationList = A923A9FA1A372AF9009121A3 /* Build configuration list for PBXNativeTarget "ExtensionUseTests" */;
			buildPhases = (
				A923A9E91A372AF9009121A3 /* Sources */,
				A923A9EA1A372AF9009121A3 /* Frameworks */,
				A923A9EB1A372AF9009121A3 /* Resources */,
			);
			buildRules = (
			);
			dependencies = (
				A923A9EF1A372AF9009121A3 /* PBXTargetDependency */,
			);
			name = ExtensionUseTests;
			productName = ExtensionUseTests;
			productReference = A923A9ED1A372AF9009121A3 /* ExtensionUseTests.xctest */;
			productType = "com.apple.product-type.bundle.unit-test";
		};
/* End PBXNativeTarget section */

/* Begin PBXProject section */
		A923A9CC1A372AF9009121A3 /* Project object */ = {
			isa = PBXProject;
			attributes = {
				LastUpgradeCheck = 0610;
				ORGANIZATIONNAME = RetachSys;
				TargetAttributes = {
					A923A9D31A372AF9009121A3 = {
						CreatedOnToolsVersion = 6.1;
						DevelopmentTeam = 7BCW99KL8P;
					};
					A923A9EC1A372AF9009121A3 = {
						CreatedOnToolsVersion = 6.1;
						TestTargetID = A923A9D31A372AF9009121A3;
					};
				};
			};
			buildConfigurationList = A923A9CF1A372AF9009121A3 /* Build configuration list for PBXProject "ExtensionUse" */;
			compatibilityVersion = "Xcode 3.2";
			developmentRegion = English;
			hasScannedForEncodings = 0;
			knownRegions = (
				en,
				Base,
			);
			mainGroup = A923A9CB1A372AF9009121A3;
			productRefGroup = A923A9D51A372AF9009121A3 /* Products */;
			projectDirPath = "";
			projectRoot = "";
			targets = (
				A923A9D31A372AF9009121A3 /* ExtensionUse */,
				A923A9EC1A372AF9009121A3 /* ExtensionUseTests */,
			);
		};
/* End PBXProject section */

/* Begin PBXResourcesBuildPhase section */
		A923A9D21A372AF9009121A3 /* Resources */ = {
			isa = PBXResourcesBuildPhase;
			buildActionMask = 2147483647;
			files = (
				A923A9E31A372AF9009121A3 /* Main.storyboard in Resources */,
				A92809D41A37FF4C001F9F00 /* lion.jpg in Resources */,
				A923A9E81A372AF9009121A3 /* LaunchScreen.xib in Resources */,
				A923A9E51A372AF9009121A3 /* Images.xcassets in Resources */,
			);
			runOnlyForDeploymentPostprocessing = 0;
		};
		A923A9EB1A372AF9009121A3 /* Resources */ = {
			isa = PBXResourcesBuildPhase;
			buildActionMask = 2147483647;
			files = (
			);
			runOnlyForDeploymentPostprocessing = 0;
		};
/* End PBXResourcesBuildPhase section */

/* Begin PBXSourcesBuildPhase section */
		A923A9D01A372AF9009121A3 /* Sources */ = {
			isa = PBXSourcesBuildPhase;
			buildActionMask = 2147483647;
			files = (
				A923A9E01A372AF9009121A3 /* ViewController.m in Sources */,
				A923A9DD1A372AF9009121A3 /* AppDelegate.m in Sources */,
				72C7FFC71ADE440D0084EEB4 /* RegistationViewController.m in Sources */,
				A923A9DA1A372AF9009121A3 /* main.m in Sources */,
				72C7FFCA1ADE441F0084EEB4 /* LoginViewController.m in Sources */,
			);
			runOnlyForDeploymentPostprocessing = 0;
		};
		A923A9E91A372AF9009121A3 /* Sources */ = {
			isa = PBXSourcesBuildPhase;
			buildActionMask = 2147483647;
			files = (
				A923A9F41A372AF9009121A3 /* ExtensionUseTests.m in Sources */,
			);
			runOnlyForDeploymentPostprocessing = 0;
		};
/* End PBXSourcesBuildPhase section */

/* Begin PBXTargetDependency section */
		A923A9EF1A372AF9009121A3 /* PBXTargetDependency */ = {
			isa = PBXTargetDependency;
			target = A923A9D31A372AF9009121A3 /* ExtensionUse */;
			targetProxy = A923A9EE1A372AF9009121A3 /* PBXContainerItemProxy */;
		};
/* End PBXTargetDependency section */

/* Begin PBXVariantGroup section */
		A923A9E11A372AF9009121A3 /* Main.storyboard */ = {
			isa = PBXVariantGroup;
			children = (
				A923A9E21A372AF9009121A3 /* Base */,
			);
			name = Main.storyboard;
			sourceTree = "<group>";
		};
		A923A9E61A372AF9009121A3 /* LaunchScreen.xib */ = {
			isa = PBXVariantGroup;
			children = (
				A923A9E71A372AF9009121A3 /* Base */,
			);
			name = LaunchScreen.xib;
			sourceTree = "<group>";
		};
/* End PBXVariantGroup section */

/* Begin XCBuildConfiguration section */
		A923A9F51A372AF9009121A3 /* Debug */ = {
			isa = XCBuildConfiguration;
			buildSettings = {
				ALWAYS_SEARCH_USER_PATHS = NO;
				CLANG_CXX_LANGUAGE_STANDARD = "gnu++0x";
				CLANG_CXX_LIBRARY = "libc++";
				CLANG_ENABLE_MODULES = YES;
				CLANG_ENABLE_OBJC_ARC = YES;
				CLANG_WARN_BOOL_CONVERSION = YES;
				CLANG_WARN_CONSTANT_CONVERSION = YES;
				CLANG_WARN_DIRECT_OBJC_ISA_USAGE = YES_ERROR;
				CLANG_WARN_EMPTY_BODY = YES;
				CLANG_WARN_ENUM_CONVERSION = YES;
				CLANG_WARN_INT_CONVERSION = YES;
				CLANG_WARN_OBJC_ROOT_CLASS = YES_ERROR;
				CLANG_WARN_UNREACHABLE_CODE = YES;
				CLANG_WARN__DUPLICATE_METHOD_MATCH = YES;
				CODE_SIGN_IDENTITY = "iPhone Developer: Sandeep Mundra (844QDN74U4)";
				"CODE_SIGN_IDENTITY[sdk=iphoneos*]" = "iPhone Developer: Sandeep Mundra (844QDN74U4)";
				COPY_PHASE_STRIP = NO;
				ENABLE_STRICT_OBJC_MSGSEND = YES;
				GCC_C_LANGUAGE_STANDARD = gnu99;
				GCC_DYNAMIC_NO_PIC = NO;
				GCC_OPTIMIZATION_LEVEL = 0;
				GCC_PREPROCESSOR_DEFINITIONS = (
					"DEBUG=1",
					"$(inherited)",
				);
				GCC_SYMBOLS_PRIVATE_EXTERN = NO;
				GCC_WARN_64_TO_32_BIT_CONVERSION = YES;
				GCC_WARN_ABOUT_RETURN_TYPE = YES_ERROR;
				GCC_WARN_UNDECLARED_SELECTOR = YES;
				GCC_WARN_UNINITIALIZED_AUTOS = YES_AGGRESSIVE;
				GCC_WARN_UNUSED_FUNCTION = YES;
				GCC_WARN_UNUSED_VARIABLE = YES;
				IPHONEOS_DEPLOYMENT_TARGET = 8.1;
				MTL_ENABLE_DEBUG_INFO = YES;
				ONLY_ACTIVE_ARCH = YES;
				PROVISIONING_PROFILE = "6507870d-6f67-4137-9c15-9130a40a3143";
				SDKROOT = iphoneos;
			};
			name = Debug;
		};
		A923A9F61A372AF9009121A3 /* Release */ = {
			isa = XCBuildConfiguration;
			buildSettings = {
				ALWAYS_SEARCH_USER_PATHS = NO;
				CLANG_CXX_LANGUAGE_STANDARD = "gnu++0x";
				CLANG_CXX_LIBRARY = "libc++";
				CLANG_ENABLE_MODULES = YES;
				CLANG_ENABLE_OBJC_ARC = YES;
				CLANG_WARN_BOOL_CONVERSION = YES;
				CLANG_WARN_CONSTANT_CONVERSION = YES;
				CLANG_WARN_DIRECT_OBJC_ISA_USAGE = YES_ERROR;
				CLANG_WARN_EMPTY_BODY = YES;
				CLANG_WARN_ENUM_CONVERSION = YES;
				CLANG_WARN_INT_CONVERSION = YES;
				CLANG_WARN_OBJC_ROOT_CLASS = YES_ERROR;
				CLANG_WARN_UNREACHABLE_CODE = YES;
				CLANG_WARN__DUPLICATE_METHOD_MATCH = YES;
				CODE_SIGN_IDENTITY = "iPhone Developer: Sandeep Mundra (844QDN74U4)";
				"CODE_SIGN_IDENTITY[sdk=iphoneos*]" = "iPhone Developer: Sandeep Mundra (844QDN74U4)";
				COPY_PHASE_STRIP = YES;
				ENABLE_NS_ASSERTIONS = NO;
				ENABLE_STRICT_OBJC_MSGSEND = YES;
				GCC_C_LANGUAGE_STANDARD = gnu99;
				GCC_WARN_64_TO_32_BIT_CONVERSION = YES;
				GCC_WARN_ABOUT_RETURN_TYPE = YES_ERROR;
				GCC_WARN_UNDECLARED_SELECTOR = YES;
				GCC_WARN_UNINITIALIZED_AUTOS = YES_AGGRESSIVE;
				GCC_WARN_UNUSED_FUNCTION = YES;
				GCC_WARN_UNUSED_VARIABLE = YES;
				IPHONEOS_DEPLOYMENT_TARGET = 8.1;
				MTL_ENABLE_DEBUG_INFO = NO;
				PROVISIONING_PROFILE = "6507870d-6f67-4137-9c15-9130a40a3143";
				SDKROOT = iphoneos;
				VALIDATE_PRODUCT = YES;
			};
			name = Release;
		};
		A923A9F81A372AF9009121A3 /* Debug */ = {
			isa = XCBuildConfiguration;
			buildSettings = {
				ASSETCATALOG_COMPILER_APPICON_NAME = AppIcon;
				CODE_SIGN_IDENTITY = "iPhone Developer: Sandeep Mundra (844QDN74U4)";
				INFOPLIST_FILE = ExtensionUse/Info.plist;
				LD_RUNPATH_SEARCH_PATHS = "$(inherited) @executable_path/Frameworks";
				PRODUCT_NAME = "$(TARGET_NAME)";
				PROVISIONING_PROFILE = "6507870d-6f67-4137-9c15-9130a40a3143";
			};
			name = Debug;
		};
		A923A9F91A372AF9009121A3 /* Release */ = {
			isa = XCBuildConfiguration;
			buildSettings = {
				ASSETCATALOG_COMPILER_APPICON_NAME = AppIcon;
				CODE_SIGN_IDENTITY = "iPhone Developer: Sandeep Mundra (844QDN74U4)";
				INFOPLIST_FILE = ExtensionUse/Info.plist;
				LD_RUNPATH_SEARCH_PATHS = "$(inherited) @executable_path/Frameworks";
				PRODUCT_NAME = "$(TARGET_NAME)";
				PROVISIONING_PROFILE = "6507870d-6f67-4137-9c15-9130a40a3143";
			};
			name = Release;
		};
		A923A9FB1A372AF9009121A3 /* Debug */ = {
			isa = XCBuildConfiguration;
			buildSettings = {
				BUNDLE_LOADER = "$(TEST_HOST)";
				FRAMEWORK_SEARCH_PATHS = (
					"$(SDKROOT)/Developer/Library/Frameworks",
					"$(inherited)",
				);
				GCC_PREPROCESSOR_DEFINITIONS = (
					"DEBUG=1",
					"$(inherited)",
				);
				INFOPLIST_FILE = ExtensionUseTests/Info.plist;
				LD_RUNPATH_SEARCH_PATHS = "$(inherited) @executable_path/Frameworks @loader_path/Frameworks";
				PRODUCT_NAME = "$(TARGET_NAME)";
				TEST_HOST = "$(BUILT_PRODUCTS_DIR)/ExtensionUse.app/ExtensionUse";
			};
			name = Debug;
		};
		A923A9FC1A372AF9009121A3 /* Release */ = {
			isa = XCBuildConfiguration;
			buildSettings = {
				BUNDLE_LOADER = "$(TEST_HOST)";
				FRAMEWORK_SEARCH_PATHS = (
					"$(SDKROOT)/Developer/Library/Frameworks",
					"$(inherited)",
				);
				INFOPLIST_FILE = ExtensionUseTests/Info.plist;
				LD_RUNPATH_SEARCH_PATHS = "$(inherited) @executable_path/Frameworks @loader_path/Frameworks";
				PRODUCT_NAME = "$(TARGET_NAME)";
				TEST_HOST = "$(BUILT_PRODUCTS_DIR)/ExtensionUse.app/ExtensionUse";
			};
			name = Release;
		};
/* End XCBuildConfiguration section */

/* Begin XCConfigurationList section */
		A923A9CF1A372AF9009121A3 /* Build configuration list for PBXProject "ExtensionUse" */ = {
			isa = XCConfigurationList;
			buildConfigurations = (
				A923A9F51A372AF9009121A3 /* Debug */,
				A923A9F61A372AF9009121A3 /* Release */,
			);
			defaultConfigurationIsVisible = 0;
			defaultConfigurationName = Release;
		};
		A923A9F71A372AF9009121A3 /* Build configuration list for PBXNativeTarget "ExtensionUse" */ = {
			isa = XCConfigurationList;
			buildConfigurations = (
				A923A9F81A372AF9009121A3 /* Debug */,
				A923A9F91A372AF9009121A3 /* Release */,
			);
			defaultConfigurationIsVisible = 0;
			defaultConfigurationName = Release;
		};
		A923A9FA1A372AF9009121A3 /* Build configuration list for PBXNativeTarget "ExtensionUseTests" */ = {
			isa = XCConfigurationList;
			buildConfigurations = (
				A923A9FB1A372AF9009121A3 /* Debug */,
				A923A9FC1A372AF9009121A3 /* Release */,
			);
			defaultConfigurationIsVisible = 0;
			defaultConfigurationName = Release;
		};
/* End XCConfigurationList section */
	};
	rootObject = A923A9CC1A372AF9009121A3 /* Project object */;
}
